// !$*UTF8*$!
{
	archiveVersion = 1;
	classes = {
	};
	objectVersion = 56;
	objects = {

/* Begin PBXBuildFile section */
		849116592CAA66E8008D4921 /* AppDelegate.swift in Sources */ = {isa = PBXBuildFile; fileRef = 849116582CAA66E8008D4921 /* AppDelegate.swift */; };
		8491165B2CAA66E8008D4921 /* SceneDelegate.swift in Sources */ = {isa = PBXBuildFile; fileRef = 8491165A2CAA66E8008D4921 /* SceneDelegate.swift */; };
		8491165D2CAA66E8008D4921 /* ViewController.swift in Sources */ = {isa = PBXBuildFile; fileRef = 8491165C2CAA66E8008D4921 /* ViewController.swift */; };
		849116602CAA66E8008D4921 /* Base in Resources */ = {isa = PBXBuildFile; fileRef = 8491165F2CAA66E8008D4921 /* Base */; };
		849116632CAA66E8008D4921 /* jokeapp3.xcdatamodeld in Sources */ = {isa = PBXBuildFile; fileRef = 849116612CAA66E8008D4921 /* jokeapp3.xcdatamodeld */; };
		849116652CAA66EA008D4921 /* Assets.xcassets in Resources */ = {isa = PBXBuildFile; fileRef = 849116642CAA66EA008D4921 /* Assets.xcassets */; };
		849116682CAA66EA008D4921 /* Base in Resources */ = {isa = PBXBuildFile; fileRef = 849116672CAA66EA008D4921 /* Base */; };
		849116712CAA67CF008D4921 /* JokeCell.swift in Sources */ = {isa = PBXBuildFile; fileRef = 8491166F2CAA67CF008D4921 /* JokeCell.swift */; };
		849116722CAA67CF008D4921 /* JokeCell.xib in Resources */ = {isa = PBXBuildFile; fileRef = 849116702CAA67CF008D4921 /* JokeCell.xib */; };
		849116742CAA6B42008D4921 /* Jokemodel.swift in Sources */ = {isa = PBXBuildFile; fileRef = 849116732CAA6B42008D4921 /* Jokemodel.swift */; };
		849116762CAA6C42008D4921 /* ApiManager.swift in Sources */ = {isa = PBXBuildFile; fileRef = 849116752CAA6C42008D4921 /* ApiManager.swift */; };
		849116792CAA6D1E008D4921 /* Alamofire in Frameworks */ = {isa = PBXBuildFile; productRef = 849116782CAA6D1E008D4921 /* Alamofire */; };
/* End PBXBuildFile section */

/* Begin PBXFileReference section */
		849116552CAA66E8008D4921 /* jokeapp3.app */ = {isa = PBXFileReference; explicitFileType = wrapper.application; includeInIndex = 0; path = jokeapp3.app; sourceTree = BUILT_PRODUCTS_DIR; };
		849116582CAA66E8008D4921 /* AppDelegate.swift */ = {isa = PBXFileReference; lastKnownFileType = sourcecode.swift; path = AppDelegate.swift; sourceTree = "<group>"; };
		8491165A2CAA66E8008D4921 /* SceneDelegate.swift */ = {isa = PBXFileReference; lastKnownFileType = sourcecode.swift; path = SceneDelegate.swift; sourceTree = "<group>"; };
		8491165C2CAA66E8008D4921 /* ViewController.swift */ = {isa = PBXFileReference; lastKnownFileType = sourcecode.swift; path = ViewController.swift; sourceTree = "<group>"; };
		8491165F2CAA66E8008D4921 /* Base */ = {isa = PBXFileReference; lastKnownFileType = file.storyboard; name = Base; path = Base.lproj/Main.storyboard; sourceTree = "<group>"; };
		849116622CAA66E8008D4921 /* jokeapp3.xcdatamodel */ = {isa = PBXFileReference; lastKnownFileType = wrapper.xcdatamodel; path = jokeapp3.xcdatamodel; sourceTree = "<group>"; };
		849116642CAA66EA008D4921 /* Assets.xcassets */ = {isa = PBXFileReference; lastKnownFileType = folder.assetcatalog; path = Assets.xcassets; sourceTree = "<group>"; };
		849116672CAA66EA008D4921 /* Base */ = {isa = PBXFileReference; lastKnownFileType = file.storyboard; name = Base; path = Base.lproj/LaunchScreen.storyboard; sourceTree = "<group>"; };
		849116692CAA66EA008D4921 /* Info.plist */ = {isa = PBXFileReference; lastKnownFileType = text.plist.xml; path = Info.plist; sourceTree = "<group>"; };
		8491166F2CAA67CF008D4921 /* JokeCell.swift */ = {isa = PBXFileReference; lastKnownFileType = sourcecode.swift; path = JokeCell.swift; sourceTree = "<group>"; };
		849116702CAA67CF008D4921 /* JokeCell.xib */ = {isa = PBXFileReference; lastKnownFileType = file.xib; path = JokeCell.xib; sourceTree = "<group>"; };
		849116732CAA6B42008D4921 /* Jokemodel.swift */ = {isa = PBXFileReference; lastKnownFileType = sourcecode.swift; path = Jokemodel.swift; sourceTree = "<group>"; };
		849116752CAA6C42008D4921 /* ApiManager.swift */ = {isa = PBXFileReference; lastKnownFileType = sourcecode.swift; path = ApiManager.swift; sourceTree = "<group>"; };
/* End PBXFileReference section */

/* Begin PBXFrameworksBuildPhase section */
		849116522CAA66E8008D4921 /* Frameworks */ = {
			isa = PBXFrameworksBuildPhase;
			buildActionMask = 2147483647;
			files = (
				849116792CAA6D1E008D4921 /* Alamofire in Frameworks */,
			);
			runOnlyForDeploymentPostprocessing = 0;
		};
/* End PBXFrameworksBuildPhase section */

/* Begin PBXGroup section */
		8491164C2CAA66E8008D4921 = {
			isa = PBXGroup;
			children = (
				849116572CAA66E8008D4921 /* jokeapp3 */,
				849116562CAA66E8008D4921 /* Products */,
			);
			sourceTree = "<group>";
		};
		849116562CAA66E8008D4921 /* Products */ = {
			isa = PBXGroup;
			children = (
				849116552CAA66E8008D4921 /* jokeapp3.app */,
			);
			name = Products;
			sourceTree = "<group>";
		};
		849116572CAA66E8008D4921 /* jokeapp3 */ = {
			isa = PBXGroup;
			children = (
				849116582CAA66E8008D4921 /* AppDelegate.swift */,
				8491165A2CAA66E8008D4921 /* SceneDelegate.swift */,
				8491165C2CAA66E8008D4921 /* ViewController.swift */,
				8491165E2CAA66E8008D4921 /* Main.storyboard */,
				849116642CAA66EA008D4921 /* Assets.xcassets */,
				849116662CAA66EA008D4921 /* LaunchScreen.storyboard */,
				849116692CAA66EA008D4921 /* Info.plist */,
				849116612CAA66E8008D4921 /* jokeapp3.xcdatamodeld */,
				8491166F2CAA67CF008D4921 /* JokeCell.swift */,
				849116702CAA67CF008D4921 /* JokeCell.xib */,
				849116732CAA6B42008D4921 /* Jokemodel.swift */,
				849116752CAA6C42008D4921 /* ApiManager.swift */,
			);
			path = jokeapp3;
			sourceTree = "<group>";
		};
/* End PBXGroup section */

/* Begin PBXNativeTarget section */
		849116542CAA66E8008D4921 /* jokeapp3 */ = {
			isa = PBXNativeTarget;
			buildConfigurationList = 8491166C2CAA66EA008D4921 /* Build configuration list for PBXNativeTarget "jokeapp3" */;
			buildPhases = (
				849116512CAA66E8008D4921 /* Sources */,
				849116522CAA66E8008D4921 /* Frameworks */,
				849116532CAA66E8008D4921 /* Resources */,
			);
			buildRules = (
			);
			dependencies = (
			);
			name = jokeapp3;
			packageProductDependencies = (
				849116782CAA6D1E008D4921 /* Alamofire */,
			);
			productName = jokeapp3;
			productReference = 849116552CAA66E8008D4921 /* jokeapp3.app */;
			productType = "com.apple.product-type.application";
		};
/* End PBXNativeTarget section */

/* Begin PBXProject section */
		8491164D2CAA66E8008D4921 /* Project object */ = {
			isa = PBXProject;
			attributes = {
				BuildIndependentTargetsInParallel = 1;
				LastSwiftUpdateCheck = 1540;
				LastUpgradeCheck = 1540;
				TargetAttributes = {
					849116542CAA66E8008D4921 = {
						CreatedOnToolsVersion = 15.4;
					};
				};
			};
			buildConfigurationList = 849116502CAA66E8008D4921 /* Build configuration list for PBXProject "jokeapp3" */;
			compatibilityVersion = "Xcode 14.0";
			developmentRegion = en;
			hasScannedForEncodings = 0;
			knownRegions = (
				en,
				Base,
			);
			mainGroup = 8491164C2CAA66E8008D4921;
			packageReferences = (
				849116772CAA6D1E008D4921 /* XCRemoteSwiftPackageReference "Alamofire" */,
			);
			productRefGroup = 849116562CAA66E8008D4921 /* Products */;
			projectDirPath = "";
			projectRoot = "";
			targets = (
				849116542CAA66E8008D4921 /* jokeapp3 */,
			);
		};
/* End PBXProject section */

/* Begin PBXResourcesBuildPhase section */
		849116532CAA66E8008D4921 /* Resources */ = {
			isa = PBXResourcesBuildPhase;
			buildActionMask = 2147483647;
			files = (
				849116652CAA66EA008D4921 /* Assets.xcassets in Resources */,
				849116682CAA66EA008D4921 /* Base in Resources */,
				849116722CAA67CF008D4921 /* JokeCell.xib in Resources */,
				849116602CAA66E8008D4921 /* Base in Resources */,
			);
			runOnlyForDeploymentPostprocessing = 0;
		};
/* End PBXResourcesBuildPhase section */

/* Begin PBXSourcesBuildPhase section */
		849116512CAA66E8008D4921 /* Sources */ = {
			isa = PBXSourcesBuildPhase;
			buildActionMask = 2147483647;
			files = (
				849116742CAA6B42008D4921 /* Jokemodel.swift in Sources */,
				8491165D2CAA66E8008D4921 /* ViewController.swift in Sources */,
				849116712CAA67CF008D4921 /* JokeCell.swift in Sources */,
				849116762CAA6C42008D4921 /* ApiManager.swift in Sources */,
				849116592CAA66E8008D4921 /* AppDelegate.swift in Sources */,
				849116632CAA66E8008D4921 /* jokeapp3.xcdatamodeld in Sources */,
				8491165B2CAA66E8008D4921 /* SceneDelegate.swift in Sources */,
			);
			runOnlyForDeploymentPostprocessing = 0;
		};
/* End PBXSourcesBuildPhase section */

/* Begin PBXVariantGroup section */
		8491165E2CAA66E8008D4921 /* Main.storyboard */ = {
			isa = PBXVariantGroup;
			children = (
				8491165F2CAA66E8008D4921 /* Base */,
			);
			name = Main.storyboard;
			sourceTree = "<group>";
		};
		849116662CAA66EA008D4921 /* LaunchScreen.storyboard */ = {
			isa = PBXVariantGroup;
			children = (
				849116672CAA66EA008D4921 /* Base */,
			);
			name = LaunchScreen.storyboard;
			sourceTree = "<group>";
		};
/* End PBXVariantGroup section */

/* Begin XCBuildConfiguration section */
		8491166A2CAA66EA008D4921 /* Debug */ = {
			isa = XCBuildConfiguration;
			buildSettings = {
				ALWAYS_SEARCH_USER_PATHS = NO;
				ASSETCATALOG_COMPILER_GENERATE_SWIFT_ASSET_SYMBOL_EXTENSIONS = YES;
				CLANG_ANALYZER_NONNULL = YES;
				CLANG_ANALYZER_NUMBER_OBJECT_CONVERSION = YES_AGGRESSIVE;
				CLANG_CXX_LANGUAGE_STANDARD = "gnu++20";
				CLANG_ENABLE_MODULES = YES;
				CLANG_ENABLE_OBJC_ARC = YES;
				CLANG_ENABLE_OBJC_WEAK = YES;
				CLANG_WARN_BLOCK_CAPTURE_AUTORELEASING = YES;
				CLANG_WARN_BOOL_CONVERSION = YES;
				CLANG_WARN_COMMA = YES;
				CLANG_WARN_CONSTANT_CONVERSION = YES;
				CLANG_WARN_DEPRECATED_OBJC_IMPLEMENTATIONS = YES;
				CLANG_WARN_DIRECT_OBJC_ISA_USAGE = YES_ERROR;
				CLANG_WARN_DOCUMENTATION_COMMENTS = YES;
				CLANG_WARN_EMPTY_BODY = YES;
				CLANG_WARN_ENUM_CONVERSION = YES;
				CLANG_WARN_INFINITE_RECURSION = YES;
				CLANG_WARN_INT_CONVERSION = YES;
				CLANG_WARN_NON_LITERAL_NULL_CONVERSION = YES;
				CLANG_WARN_OBJC_IMPLICIT_RETAIN_SELF = YES;
				CLANG_WARN_OBJC_LITERAL_CONVERSION = YES;
				CLANG_WARN_OBJC_ROOT_CLASS = YES_ERROR;
				CLANG_WARN_QUOTED_INCLUDE_IN_FRAMEWORK_HEADER = YES;
				CLANG_WARN_RANGE_LOOP_ANALYSIS = YES;
				CLANG_WARN_STRICT_PROTOTYPES = YES;
				CLANG_WARN_SUSPICIOUS_MOVE = YES;
				CLANG_WARN_UNGUARDED_AVAILABILITY = YES_AGGRESSIVE;
				CLANG_WARN_UNREACHABLE_CODE = YES;
				CLANG_WARN__DUPLICATE_METHOD_MATCH = YES;
				COPY_PHASE_STRIP = NO;
				DEBUG_INFORMATION_FORMAT = dwarf;
				ENABLE_STRICT_OBJC_MSGSEND = YES;
				ENABLE_TESTABILITY = YES;
				ENABLE_USER_SCRIPT_SANDBOXING = YES;
				GCC_C_LANGUAGE_STANDARD = gnu17;
				GCC_DYNAMIC_NO_PIC = NO;
				GCC_NO_COMMON_BLOCKS = YES;
				GCC_OPTIMIZATION_LEVEL = 0;
				GCC_PREPROCESSOR_DEFINITIONS = (
					"DEBUG=1",
					"$(inherited)",
				);
				GCC_WARN_64_TO_32_BIT_CONVERSION = YES;
				GCC_WARN_ABOUT_RETURN_TYPE = YES_ERROR;
				GCC_WARN_UNDECLARED_SELECTOR = YES;
				GCC_WARN_UNINITIALIZED_AUTOS = YES_AGGRESSIVE;
				GCC_WARN_UNUSED_FUNCTION = YES;
				GCC_WARN_UNUSED_VARIABLE = YES;
				IPHONEOS_DEPLOYMENT_TARGET = 17.5;
				LOCALIZATION_PREFERS_STRING_CATALOGS = YES;
				MTL_ENABLE_DEBUG_INFO = INCLUDE_SOURCE;
				MTL_FAST_MATH = YES;
				ONLY_ACTIVE_ARCH = YES;
				SDKROOT = iphoneos;
				SWIFT_ACTIVE_COMPILATION_CONDITIONS = "DEBUG $(inherited)";
				SWIFT_OPTIMIZATION_LEVEL = "-Onone";
			};
			name = Debug;
		};
		8491166B2CAA66EA008D4921 /* Release */ = {
			isa = XCBuildConfiguration;
			buildSettings = {
				ALWAYS_SEARCH_USER_PATHS = NO;
				ASSETCATALOG_COMPILER_GENERATE_SWIFT_ASSET_SYMBOL_EXTENSIONS = YES;
				CLANG_ANALYZER_NONNULL = YES;
				CLANG_ANALYZER_NUMBER_OBJECT_CONVERSION = YES_AGGRESSIVE;
				CLANG_CXX_LANGUAGE_STANDARD = "gnu++20";
				CLANG_ENABLE_MODULES = YES;
				CLANG_ENABLE_OBJC_ARC = YES;
				CLANG_ENABLE_OBJC_WEAK = YES;
				CLANG_WARN_BLOCK_CAPTURE_AUTORELEASING = YES;
				CLANG_WARN_BOOL_CONVERSION = YES;
				CLANG_WARN_COMMA = YES;
				CLANG_WARN_CONSTANT_CONVERSION = YES;
				CLANG_WARN_DEPRECATED_OBJC_IMPLEMENTATIONS = YES;
				CLANG_WARN_DIRECT_OBJC_ISA_USAGE = YES_ERROR;
				CLANG_WARN_DOCUMENTATION_COMMENTS = YES;
				CLANG_WARN_EMPTY_BODY = YES;
				CLANG_WARN_ENUM_CONVERSION = YES;
				CLANG_WARN_INFINITE_RECURSION = YES;
				CLANG_WARN_INT_CONVERSION = YES;
				CLANG_WARN_NON_LITERAL_NULL_CONVERSION = YES;
				CLANG_WARN_OBJC_IMPLICIT_RETAIN_SELF = YES;
				CLANG_WARN_OBJC_LITERAL_CONVERSION = YES;
				CLANG_WARN_OBJC_ROOT_CLASS = YES_ERROR;
				CLANG_WARN_QUOTED_INCLUDE_IN_FRAMEWORK_HEADER = YES;
				CLANG_WARN_RANGE_LOOP_ANALYSIS = YES;
				CLANG_WARN_STRICT_PROTOTYPES = YES;
				CLANG_WARN_SUSPICIOUS_MOVE = YES;
				CLANG_WARN_UNGUARDED_AVAILABILITY = YES_AGGRESSIVE;
				CLANG_WARN_UNREACHABLE_CODE = YES;
				CLANG_WARN__DUPLICATE_METHOD_MATCH = YES;
				COPY_PHASE_STRIP = NO;
				DEBUG_INFORMATION_FORMAT = "dwarf-with-dsym";
				ENABLE_NS_ASSERTIONS = NO;
				ENABLE_STRICT_OBJC_MSGSEND = YES;
				ENABLE_USER_SCRIPT_SANDBOXING = YES;
				GCC_C_LANGUAGE_STANDARD = gnu17;
				GCC_NO_COMMON_BLOCKS = YES;
				GCC_WARN_64_TO_32_BIT_CONVERSION = YES;
				GCC_WARN_ABOUT_RETURN_TYPE = YES_ERROR;
				GCC_WARN_UNDECLARED_SELECTOR = YES;
				GCC_WARN_UNINITIALIZED_AUTOS = YES_AGGRESSIVE;
				GCC_WARN_UNUSED_FUNCTION = YES;
				GCC_WARN_UNUSED_VARIABLE = YES;
				IPHONEOS_DEPLOYMENT_TARGET = 17.5;
				LOCALIZATION_PREFERS_STRING_CATALOGS = YES;
				MTL_ENABLE_DEBUG_INFO = NO;
				MTL_FAST_MATH = YES;
				SDKROOT = iphoneos;
				SWIFT_COMPILATION_MODE = wholemodule;
				VALIDATE_PRODUCT = YES;
			};
			name = Release;
		};
		8491166D2CAA66EA008D4921 /* Debug */ = {
			isa = XCBuildConfiguration;
			buildSettings = {
				ASSETCATALOG_COMPILER_APPICON_NAME = AppIcon;
				ASSETCATALOG_COMPILER_GLOBAL_ACCENT_COLOR_NAME = AccentColor;
				CODE_SIGN_STYLE = Automatic;
				CURRENT_PROJECT_VERSION = 1;
				GENERATE_INFOPLIST_FILE = YES;
				INFOPLIST_FILE = jokeapp3/Info.plist;
				INFOPLIST_KEY_UIApplicationSupportsIndirectInputEvents = YES;
				INFOPLIST_KEY_UILaunchStoryboardName = LaunchScreen;
				INFOPLIST_KEY_UIMainStoryboardFile = Main;
				INFOPLIST_KEY_UISupportedInterfaceOrientations_iPad = "UIInterfaceOrientationPortrait UIInterfaceOrientationPortraitUpsideDown UIInterfaceOrientationLandscapeLeft UIInterfaceOrientationLandscapeRight";
				INFOPLIST_KEY_UISupportedInterfaceOrientations_iPhone = "UIInterfaceOrientationPortrait UIInterfaceOrientationLandscapeLeft UIInterfaceOrientationLandscapeRight";
				LD_RUNPATH_SEARCH_PATHS = (
					"$(inherited)",
					"@executable_path/Frameworks",
				);
				MARKETING_VERSION = 1.0;
				PRODUCT_BUNDLE_IDENTIFIER = com.example.jokeapp3;
				PRODUCT_NAME = "$(TARGET_NAME)";
				SWIFT_EMIT_LOC_STRINGS = YES;
				SWIFT_VERSION = 5.0;
				TARGETED_DEVICE_FAMILY = "1,2";
			};
			name = Debug;
		};
		8491166E2CAA66EA008D4921 /* Release */ = {
			isa = XCBuildConfiguration;
			buildSettings = {
				ASSETCATALOG_COMPILER_APPICON_NAME = AppIcon;
				ASSETCATALOG_COMPILER_GLOBAL_ACCENT_COLOR_NAME = AccentColor;
				CODE_SIGN_STYLE = Automatic;
				CURRENT_PROJECT_VERSION = 1;
				GENERATE_INFOPLIST_FILE = YES;
				INFOPLIST_FILE = jokeapp3/Info.plist;
				INFOPLIST_KEY_UIApplicationSupportsIndirectInputEvents = YES;
				INFOPLIST_KEY_UILaunchStoryboardName = LaunchScreen;
				INFOPLIST_KEY_UIMainStoryboardFile = Main;
				INFOPLIST_KEY_UISupportedInterfaceOrientations_iPad = "UIInterfaceOrientationPortrait UIInterfaceOrientationPortraitUpsideDown UIInterfaceOrientationLandscapeLeft UIInterfaceOrientationLandscapeRight";
				INFOPLIST_KEY_UISupportedInterfaceOrientations_iPhone = "UIInterfaceOrientationPortrait UIInterfaceOrientationLandscapeLeft UIInterfaceOrientationLandscapeRight";
				LD_RUNPATH_SEARCH_PATHS = (
					"$(inherited)",
					"@executable_path/Frameworks",
				);
				MARKETING_VERSION = 1.0;
				PRODUCT_BUNDLE_IDENTIFIER = com.example.jokeapp3;
				PRODUCT_NAME = "$(TARGET_NAME)";
				SWIFT_EMIT_LOC_STRINGS = YES;
				SWIFT_VERSION = 5.0;
				TARGETED_DEVICE_FAMILY = "1,2";
			};
			name = Release;
		};
/* End XCBuildConfiguration section */

/* Begin XCConfigurationList section */
		849116502CAA66E8008D4921 /* Build configuration list for PBXProject "jokeapp3" */ = {
			isa = XCConfigurationList;
			buildConfigurations = (
				8491166A2CAA66EA008D4921 /* Debug */,
				8491166B2CAA66EA008D4921 /* Release */,
			);
			defaultConfigurationIsVisible = 0;
			defaultConfigurationName = Release;
		};
		8491166C2CAA66EA008D4921 /* Build configuration list for PBXNativeTarget "jokeapp3" */ = {
			isa = XCConfigurationList;
			buildConfigurations = (
				8491166D2CAA66EA008D4921 /* Debug */,
				8491166E2CAA66EA008D4921 /* Release */,
			);
			defaultConfigurationIsVisible = 0;
			defaultConfigurationName = Release;
		};
/* End XCConfigurationList section */

/* Begin XCRemoteSwiftPackageReference section */
		849116772CAA6D1E008D4921 /* XCRemoteSwiftPackageReference "Alamofire" */ = {
			isa = XCRemoteSwiftPackageReference;
			repositoryURL = "https://github.com/Alamofire/Alamofire.git";
			requirement = {
				kind = exactVersion;
				version = 5.8.0;
			};
		};
/* End XCRemoteSwiftPackageReference section */

/* Begin XCSwiftPackageProductDependency section */
		849116782CAA6D1E008D4921 /* Alamofire */ = {
			isa = XCSwiftPackageProductDependency;
			package = 849116772CAA6D1E008D4921 /* XCRemoteSwiftPackageReference "Alamofire" */;
			productName = Alamofire;
		};
/* End XCSwiftPackageProductDependency section */

/* Begin XCVersionGroup section */
		849116612CAA66E8008D4921 /* jokeapp3.xcdatamodeld */ = {
			isa = XCVersionGroup;
			children = (
				849116622CAA66E8008D4921 /* jokeapp3.xcdatamodel */,
			);
			currentVersion = 849116622CAA66E8008D4921 /* jokeapp3.xcdatamodel */;
			path = jokeapp3.xcdatamodeld;
			sourceTree = "<group>";
			versionGroupType = wrapper.xcdatamodel;
		};
/* End XCVersionGroup section */
	};
	rootObject = 8491164D2CAA66E8008D4921 /* Project object */;
}
